
Microsoft Visual Studio Solution File, Format Version 12.00
# Visual Studio 15
VisualStudioVersion = 15.0.26430.13
MinimumVisualStudioVersion = 10.0.40219.1
Project("{FAE04EC0-301F-11D3-BF4B-00C04F79EFBC}") = "SwitchCase", "SwitchCase\SwitchCase.csproj", "{E3E75983-AFD3-45E4-8CDE-A70D5A8F769C}"
EndProject
Project("{FAE04EC0-301F-11D3-BF4B-00C04F79EFBC}") = "XmlComment", "XmlComment\XmlComment.csproj", "{0DA1D288-9E13-4A28-ABF9-4B6FEE8B0A03}"
EndProject
Project("{FAE04EC0-301F-11D3-BF4B-00C04F79EFBC}") = "LogExample", "LogExample\LogExample.csproj", "{D3A62C46-6923-4678-8968-9B6F76F0146F}"
EndProject
Global
	GlobalSection(SolutionConfigurationPlatforms) = preSolution
		Debug|Any CPU = Debug|Any CPU
		Release|Any CPU = Release|Any CPU
	EndGlobalSection
	GlobalSection(ProjectConfigurationPlatforms) = postSolution
		{E3E75983-AFD3-45E4-8CDE-A70D5A8F769C}.Debug|Any CPU.ActiveCfg = Debug|Any CPU
		{E3E75983-AFD3-45E4-8CDE-A70D5A8F769C}.Debug|Any CPU.Build.0 = Debug|Any CPU
		{E3E75983-AFD3-45E4-8CDE-A70D5A8F769C}.Release|Any CPU.ActiveCfg = Release|Any CPU
		{E3E75983-AFD3-45E4-8CDE-A70D5A8F769C}.Release|Any CPU.Build.0 = Release|Any CPU
		{0DA1D288-9E13-4A28-ABF9-4B6FEE8B0A03}.Debug|Any CPU.ActiveCfg = Debug|Any CPU
		{0DA1D288-9E13-4A28-ABF9-4B6FEE8B0A03}.Debug|Any CPU.Build.0 = Debug|Any CPU
		{0DA1D288-9E13-4A28-ABF9-4B6FEE8B0A03}.Release|Any CPU.ActiveCfg = Release|Any CPU
		{0DA1D288-9E13-4A28-ABF9-4B6FEE8B0A03}.Release|Any CPU.Build.0 = Release|Any CPU
		{D3A62C46-6923-4678-8968-9B6F76F0146F}.Debug|Any CPU.ActiveCfg = Debug|Any CPU
		{D3A62C46-6923-4678-8968-9B6F76F0146F}.Debug|Any CPU.Build.0 = Debug|Any CPU
		{D3A62C46-6923-4678-8968-9B6F76F0146F}.Release|Any CPU.ActiveCfg = Release|Any CPU
		{D3A62C46-6923-4678-8968-9B6F76F0146F}.Release|Any CPU.Build.0 = Release|Any CPU
	EndGlobalSection
	GlobalSection(SolutionProperties) = preSolution
		HideSolutionNode = FALSE
	EndGlobalSection
EndGlobal
